
Microsoft Visual Studio Solution File, Format Version 12.00
# Visual Studio 2013
VisualStudioVersion = 12.0.31101.0
MinimumVisualStudioVersion = 10.0.40219.1
Project("{FAE04EC0-301F-11D3-BF4B-00C04F79EFBC}") = "FortisCollections.Tagging", "FortisCollections.Tagging\FortisCollections.Tagging.csproj", "{0877DD91-0ECD-4530-9CB1-8EBF25EEF3F4}"
EndProject
Project("{FAE04EC0-301F-11D3-BF4B-00C04F79EFBC}") = "FortisCollections.Tagging.WebForms", "FortisCollections.Tagging.WebForms\FortisCollections.Tagging.WebForms.csproj", "{7034BE32-84C1-43D9-9B3C-865F83638E36}"
EndProject
Project("{CAA73BB0-EF22-4D79-A57E-DF67B3BA9C80}") = "FortisCollections.TDS.Core", "FortisCollections.TDS.Core\FortisCollections.TDS.Core.scproj", "{3188D03B-285B-459F-A062-DF742CB53554}"
EndProject
Global
	GlobalSection(SolutionConfigurationPlatforms) = preSolution
		Debug|Any CPU = Debug|Any CPU
		Release|Any CPU = Release|Any CPU
	EndGlobalSection
	GlobalSection(ProjectConfigurationPlatforms) = postSolution
		{0877DD91-0ECD-4530-9CB1-8EBF25EEF3F4}.Debug|Any CPU.ActiveCfg = Debug|Any CPU
		{0877DD91-0ECD-4530-9CB1-8EBF25EEF3F4}.Debug|Any CPU.Build.0 = Debug|Any CPU
		{0877DD91-0ECD-4530-9CB1-8EBF25EEF3F4}.Release|Any CPU.ActiveCfg = Release|Any CPU
		{0877DD91-0ECD-4530-9CB1-8EBF25EEF3F4}.Release|Any CPU.Build.0 = Release|Any CPU
		{7034BE32-84C1-43D9-9B3C-865F83638E36}.Debug|Any CPU.ActiveCfg = Debug|Any CPU
		{7034BE32-84C1-43D9-9B3C-865F83638E36}.Debug|Any CPU.Build.0 = Debug|Any CPU
		{7034BE32-84C1-43D9-9B3C-865F83638E36}.Release|Any CPU.ActiveCfg = Release|Any CPU
		{7034BE32-84C1-43D9-9B3C-865F83638E36}.Release|Any CPU.Build.0 = Release|Any CPU
		{3188D03B-285B-459F-A062-DF742CB53554}.Debug|Any CPU.ActiveCfg = Debug|Any CPU
		{3188D03B-285B-459F-A062-DF742CB53554}.Debug|Any CPU.Build.0 = Debug|Any CPU
		{3188D03B-285B-459F-A062-DF742CB53554}.Debug|Any CPU.Deploy.0 = Debug|Any CPU
		{3188D03B-285B-459F-A062-DF742CB53554}.Release|Any CPU.ActiveCfg = Release|Any CPU
		{3188D03B-285B-459F-A062-DF742CB53554}.Release|Any CPU.Build.0 = Release|Any CPU
		{3188D03B-285B-459F-A062-DF742CB53554}.Release|Any CPU.Deploy.0 = Release|Any CPU
	EndGlobalSection
	GlobalSection(SolutionProperties) = preSolution
		HideSolutionNode = FALSE
	EndGlobalSection
EndGlobal
